
Microsoft Visual Studio Solution File, Format Version 12.00
# Visual Studio Version 17
VisualStudioVersion = 17.5.33516.290
MinimumVisualStudioVersion = 10.0.40219.1
Project("{FAE04EC0-301F-11D3-BF4B-00C04F79EFBC}") = "PortalPagosTestAutomation", "PortalPagosTestAutomation.csproj", "{492289D2-C979-4AF1-8676-96C5376948E0}"
EndProject
Global
	GlobalSection(SolutionConfigurationPlatforms) = preSolution
		Debug|Any CPU = Debug|Any CPU
		Release|Any CPU = Release|Any CPU
	EndGlobalSection
	GlobalSection(ProjectConfigurationPlatforms) = postSolution
		{492289D2-C979-4AF1-8676-96C5376948E0}.Debug|Any CPU.ActiveCfg = Debug|Any CPU
		{492289D2-C979-4AF1-8676-96C5376948E0}.Debug|Any CPU.Build.0 = Debug|Any CPU
		{492289D2-C979-4AF1-8676-96C5376948E0}.Release|Any CPU.ActiveCfg = Release|Any CPU
		{492289D2-C979-4AF1-8676-96C5376948E0}.Release|Any CPU.Build.0 = Release|Any CPU
	EndGlobalSection
	GlobalSection(SolutionProperties) = preSolution
		HideSolutionNode = FALSE
	EndGlobalSection
	GlobalSection(ExtensibilityGlobals) = postSolution
		SolutionGuid = {DDE2A9F6-4E5A-4649-889E-A4FFE7780189}
	EndGlobalSection
EndGlobal
